
Microsoft Visual Studio Solution File, Format Version 12.00
# Visual Studio Version 16
VisualStudioVersion = 16.0.30611.23
MinimumVisualStudioVersion = 10.0.40219.1
Project("{9A19103F-16F7-4668-BE54-9A1E7A4F7556}") = "CosmicWarehouse.App", "CosmicWarehouse.App\CosmicWarehouse.App.csproj", "{E42DC614-4F56-486D-9EEB-591F3046A32B}"
EndProject
Project("{9A19103F-16F7-4668-BE54-9A1E7A4F7556}") = "CosmicWarehouse.Domain", "CosmicWarehouse.Domain\CosmicWarehouse.Domain.csproj", "{E26605D9-BDE5-4B7E-A370-1D1094369EE5}"
EndProject
Project("{9A19103F-16F7-4668-BE54-9A1E7A4F7556}") = "CosmicWarehouse.Data", "CosmicWarehouse.Data\CosmicWarehouse.Data.csproj", "{D8B1BBBE-0F21-4AA6-B409-715917A4CBDA}"
EndProject
Project("{9A19103F-16F7-4668-BE54-9A1E7A4F7556}") = "CosmicWarehouse.Service", "CosmicWarehouse.Service\CosmicWarehouse.Service.csproj", "{C344D3C0-91EA-4F3A-BA42-4AF9EB85DDD6}"
EndProject
Project("{9A19103F-16F7-4668-BE54-9A1E7A4F7556}") = "CosmicWarehouse.Web", "CosmicWarehouse.Web\CosmicWarehouse.Web.csproj", "{FB337ABB-AFAB-4DE4-8542-CC3D2DCD897A}"
EndProject
Project("{FAE04EC0-301F-11D3-BF4B-00C04F79EFBC}") = "CosmicWarehouse.Mobile.Android", "CosmicWarehouse.Mobile\CosmicWarehouse.Mobile.Android\CosmicWarehouse.Mobile.Android.csproj", "{0D19AD04-6933-4F92-BB04-9BE45601B2BF}"
EndProject
Project("{FAE04EC0-301F-11D3-BF4B-00C04F79EFBC}") = "CosmicWarehouse.Mobile.iOS", "CosmicWarehouse.Mobile\CosmicWarehouse.Mobile.iOS\CosmicWarehouse.Mobile.iOS.csproj", "{916507A9-968A-423C-8964-B213D1DE5791}"
EndProject
Project("{FAE04EC0-301F-11D3-BF4B-00C04F79EFBC}") = "CosmicWarehouse.Mobile", "CosmicWarehouse.Mobile\CosmicWarehouse.Mobile\CosmicWarehouse.Mobile.csproj", "{E5EBAE4F-CBA7-4702-A9E5-90CFD6ED2B3C}"
EndProject
Global
	GlobalSection(SolutionConfigurationPlatforms) = preSolution
		Debug|Any CPU = Debug|Any CPU
		Debug|iPhone = Debug|iPhone
		Debug|iPhoneSimulator = Debug|iPhoneSimulator
		Release|Any CPU = Release|Any CPU
		Release|iPhone = Release|iPhone
		Release|iPhoneSimulator = Release|iPhoneSimulator
	EndGlobalSection
	GlobalSection(ProjectConfigurationPlatforms) = postSolution
		{E42DC614-4F56-486D-9EEB-591F3046A32B}.Debug|Any CPU.ActiveCfg = Debug|Any CPU
		{E42DC614-4F56-486D-9EEB-591F3046A32B}.Debug|Any CPU.Build.0 = Debug|Any CPU
		{E42DC614-4F56-486D-9EEB-591F3046A32B}.Debug|iPhone.ActiveCfg = Debug|Any CPU
		{E42DC614-4F56-486D-9EEB-591F3046A32B}.Debug|iPhone.Build.0 = Debug|Any CPU
		{E42DC614-4F56-486D-9EEB-591F3046A32B}.Debug|iPhoneSimulator.ActiveCfg = Debug|Any CPU
		{E42DC614-4F56-486D-9EEB-591F3046A32B}.Debug|iPhoneSimulator.Build.0 = Debug|Any CPU
		{E42DC614-4F56-486D-9EEB-591F3046A32B}.Release|Any CPU.ActiveCfg = Release|Any CPU
		{E42DC614-4F56-486D-9EEB-591F3046A32B}.Release|Any CPU.Build.0 = Release|Any CPU
		{E42DC614-4F56-486D-9EEB-591F3046A32B}.Release|iPhone.ActiveCfg = Release|Any CPU
		{E42DC614-4F56-486D-9EEB-591F3046A32B}.Release|iPhone.Build.0 = Release|Any CPU
		{E42DC614-4F56-486D-9EEB-591F3046A32B}.Release|iPhoneSimulator.ActiveCfg = Release|Any CPU
		{E42DC614-4F56-486D-9EEB-591F3046A32B}.Release|iPhoneSimulator.Build.0 = Release|Any CPU
		{E26605D9-BDE5-4B7E-A370-1D1094369EE5}.Debug|Any CPU.ActiveCfg = Debug|Any CPU
		{E26605D9-BDE5-4B7E-A370-1D1094369EE5}.Debug|Any CPU.Build.0 = Debug|Any CPU
		{E26605D9-BDE5-4B7E-A370-1D1094369EE5}.Debug|iPhone.ActiveCfg = Debug|Any CPU
		{E26605D9-BDE5-4B7E-A370-1D1094369EE5}.Debug|iPhone.Build.0 = Debug|Any CPU
		{E26605D9-BDE5-4B7E-A370-1D1094369EE5}.Debug|iPhoneSimulator.ActiveCfg = Debug|Any CPU
		{E26605D9-BDE5-4B7E-A370-1D1094369EE5}.Debug|iPhoneSimulator.Build.0 = Debug|Any CPU
		{E26605D9-BDE5-4B7E-A370-1D1094369EE5}.Release|Any CPU.ActiveCfg = Release|Any CPU
		{E26605D9-BDE5-4B7E-A370-1D1094369EE5}.Release|Any CPU.Build.0 = Release|Any CPU
		{E26605D9-BDE5-4B7E-A370-1D1094369EE5}.Release|iPhone.ActiveCfg = Release|Any CPU
		{E26605D9-BDE5-4B7E-A370-1D1094369EE5}.Release|iPhone.Build.0 = Release|Any CPU
		{E26605D9-BDE5-4B7E-A370-1D1094369EE5}.Release|iPhoneSimulator.ActiveCfg = Release|Any CPU
		{E26605D9-BDE5-4B7E-A370-1D1094369EE5}.Release|iPhoneSimulator.Build.0 = Release|Any CPU
		{D8B1BBBE-0F21-4AA6-B409-715917A4CBDA}.Debug|Any CPU.ActiveCfg = Debug|Any CPU
		{D8B1BBBE-0F21-4AA6-B409-715917A4CBDA}.Debug|Any CPU.Build.0 = Debug|Any CPU
		{D8B1BBBE-0F21-4AA6-B409-715917A4CBDA}.Debug|iPhone.ActiveCfg = Debug|Any CPU
		{D8B1BBBE-0F21-4AA6-B409-715917A4CBDA}.Debug|iPhone.Build.0 = Debug|Any CPU
		{D8B1BBBE-0F21-4AA6-B409-715917A4CBDA}.Debug|iPhoneSimulator.ActiveCfg = Debug|Any CPU
		{D8B1BBBE-0F21-4AA6-B409-715917A4CBDA}.Debug|iPhoneSimulator.Build.0 = Debug|Any CPU
		{D8B1BBBE-0F21-4AA6-B409-715917A4CBDA}.Release|Any CPU.ActiveCfg = Release|Any CPU
		{D8B1BBBE-0F21-4AA6-B409-715917A4CBDA}.Release|Any CPU.Build.0 = Release|Any CPU
		{D8B1BBBE-0F21-4AA6-B409-715917A4CBDA}.Release|iPhone.ActiveCfg = Release|Any CPU
		{D8B1BBBE-0F21-4AA6-B409-715917A4CBDA}.Release|iPhone.Build.0 = Release|Any CPU
		{D8B1BBBE-0F21-4AA6-B409-715917A4CBDA}.Release|iPhoneSimulator.ActiveCfg = Release|Any CPU
		{D8B1BBBE-0F21-4AA6-B409-715917A4CBDA}.Release|iPhoneSimulator.Build.0 = Release|Any CPU
		{C344D3C0-91EA-4F3A-BA42-4AF9EB85DDD6}.Debug|Any CPU.ActiveCfg = Debug|Any CPU
		{C344D3C0-91EA-4F3A-BA42-4AF9EB85DDD6}.Debug|Any CPU.Build.0 = Debug|Any CPU
		{C344D3C0-91EA-4F3A-BA42-4AF9EB85DDD6}.Debug|iPhone.ActiveCfg = Debug|Any CPU
		{C344D3C0-91EA-4F3A-BA42-4AF9EB85DDD6}.Debug|iPhone.Build.0 = Debug|Any CPU
		{C344D3C0-91EA-4F3A-BA42-4AF9EB85DDD6}.Debug|iPhoneSimulator.ActiveCfg = Debug|Any CPU
		{C344D3C0-91EA-4F3A-BA42-4AF9EB85DDD6}.Debug|iPhoneSimulator.Build.0 = Debug|Any CPU
		{C344D3C0-91EA-4F3A-BA42-4AF9EB85DDD6}.Release|Any CPU.ActiveCfg = Release|Any CPU
		{C344D3C0-91EA-4F3A-BA42-4AF9EB85DDD6}.Release|Any CPU.Build.0 = Release|Any CPU
		{C344D3C0-91EA-4F3A-BA42-4AF9EB85DDD6}.Release|iPhone.ActiveCfg = Release|Any CPU
		{C344D3C0-91EA-4F3A-BA42-4AF9EB85DDD6}.Release|iPhone.Build.0 = Release|Any CPU
		{C344D3C0-91EA-4F3A-BA42-4AF9EB85DDD6}.Release|iPhoneSimulator.ActiveCfg = Release|Any CPU
		{C344D3C0-91EA-4F3A-BA42-4AF9EB85DDD6}.Release|iPhoneSimulator.Build.0 = Release|Any CPU
		{FB337ABB-AFAB-4DE4-8542-CC3D2DCD897A}.Debug|Any CPU.ActiveCfg = Debug|Any CPU
		{FB337ABB-AFAB-4DE4-8542-CC3D2DCD897A}.Debug|Any CPU.Build.0 = Debug|Any CPU
		{FB337ABB-AFAB-4DE4-8542-CC3D2DCD897A}.Debug|iPhone.ActiveCfg = Debug|Any CPU
		{FB337ABB-AFAB-4DE4-8542-CC3D2DCD897A}.Debug|iPhone.Build.0 = Debug|Any CPU
		{FB337ABB-AFAB-4DE4-8542-CC3D2DCD897A}.Debug|iPhoneSimulator.ActiveCfg = Debug|Any CPU
		{FB337ABB-AFAB-4DE4-8542-CC3D2DCD897A}.Debug|iPhoneSimulator.Build.0 = Debug|Any CPU
		{FB337ABB-AFAB-4DE4-8542-CC3D2DCD897A}.Release|Any CPU.ActiveCfg = Release|Any CPU
		{FB337ABB-AFAB-4DE4-8542-CC3D2DCD897A}.Release|Any CPU.Build.0 = Release|Any CPU
		{FB337ABB-AFAB-4DE4-8542-CC3D2DCD897A}.Release|iPhone.ActiveCfg = Release|Any CPU
		{FB337ABB-AFAB-4DE4-8542-CC3D2DCD897A}.Release|iPhone.Build.0 = Release|Any CPU
		{FB337ABB-AFAB-4DE4-8542-CC3D2DCD897A}.Release|iPhoneSimulator.ActiveCfg = Release|Any CPU
		{FB337ABB-AFAB-4DE4-8542-CC3D2DCD897A}.Release|iPhoneSimulator.Build.0 = Release|Any CPU
		{0D19AD04-6933-4F92-BB04-9BE45601B2BF}.Debug|Any CPU.ActiveCfg = Debug|Any CPU
		{0D19AD04-6933-4F92-BB04-9BE45601B2BF}.Debug|Any CPU.Build.0 = Debug|Any CPU
		{0D19AD04-6933-4F92-BB04-9BE45601B2BF}.Debug|Any CPU.Deploy.0 = Debug|Any CPU
		{0D19AD04-6933-4F92-BB04-9BE45601B2BF}.Debug|iPhone.ActiveCfg = Debug|Any CPU
		{0D19AD04-6933-4F92-BB04-9BE45601B2BF}.Debug|iPhone.Build.0 = Debug|Any CPU
		{0D19AD04-6933-4F92-BB04-9BE45601B2BF}.Debug|iPhone.Deploy.0 = Debug|Any CPU
		{0D19AD04-6933-4F92-BB04-9BE45601B2BF}.Debug|iPhoneSimulator.ActiveCfg = Debug|Any CPU
		{0D19AD04-6933-4F92-BB04-9BE45601B2BF}.Debug|iPhoneSimulator.Build.0 = Debug|Any CPU
		{0D19AD04-6933-4F92-BB04-9BE45601B2BF}.Debug|iPhoneSimulator.Deploy.0 = Debug|Any CPU
		{0D19AD04-6933-4F92-BB04-9BE45601B2BF}.Release|Any CPU.ActiveCfg = Release|Any CPU
		{0D19AD04-6933-4F92-BB04-9BE45601B2BF}.Release|Any CPU.Build.0 = Release|Any CPU
		{0D19AD04-6933-4F92-BB04-9BE45601B2BF}.Release|Any CPU.Deploy.0 = Release|Any CPU
		{0D19AD04-6933-4F92-BB04-9BE45601B2BF}.Release|iPhone.ActiveCfg = Release|Any CPU
		{0D19AD04-6933-4F92-BB04-9BE45601B2BF}.Release|iPhone.Build.0 = Release|Any CPU
		{0D19AD04-6933-4F92-BB04-9BE45601B2BF}.Release|iPhone.Deploy.0 = Release|Any CPU
		{0D19AD04-6933-4F92-BB04-9BE45601B2BF}.Release|iPhoneSimulator.ActiveCfg = Release|Any CPU
		{0D19AD04-6933-4F92-BB04-9BE45601B2BF}.Release|iPhoneSimulator.Build.0 = Release|Any CPU
		{0D19AD04-6933-4F92-BB04-9BE45601B2BF}.Release|iPhoneSimulator.Deploy.0 = Release|Any CPU
		{916507A9-968A-423C-8964-B213D1DE5791}.Debug|Any CPU.ActiveCfg = Debug|iPhoneSimulator
		{916507A9-968A-423C-8964-B213D1DE5791}.Debug|iPhone.ActiveCfg = Debug|iPhone
		{916507A9-968A-423C-8964-B213D1DE5791}.Debug|iPhone.Build.0 = Debug|iPhone
		{916507A9-968A-423C-8964-B213D1DE5791}.Debug|iPhoneSimulator.ActiveCfg = Debug|iPhoneSimulator
		{916507A9-968A-423C-8964-B213D1DE5791}.Debug|iPhoneSimulator.Build.0 = Debug|iPhoneSimulator
		{916507A9-968A-423C-8964-B213D1DE5791}.Release|Any CPU.ActiveCfg = Release|iPhoneSimulator
		{916507A9-968A-423C-8964-B213D1DE5791}.Release|iPhone.ActiveCfg = Release|iPhone
		{916507A9-968A-423C-8964-B213D1DE5791}.Release|iPhone.Build.0 = Release|iPhone
		{916507A9-968A-423C-8964-B213D1DE5791}.Release|iPhoneSimulator.ActiveCfg = Release|iPhoneSimulator
		{916507A9-968A-423C-8964-B213D1DE5791}.Release|iPhoneSimulator.Build.0 = Release|iPhoneSimulator
		{E5EBAE4F-CBA7-4702-A9E5-90CFD6ED2B3C}.Debug|Any CPU.ActiveCfg = Debug|Any CPU
		{E5EBAE4F-CBA7-4702-A9E5-90CFD6ED2B3C}.Debug|Any CPU.Build.0 = Debug|Any CPU
		{E5EBAE4F-CBA7-4702-A9E5-90CFD6ED2B3C}.Debug|iPhone.ActiveCfg = Debug|Any CPU
		{E5EBAE4F-CBA7-4702-A9E5-90CFD6ED2B3C}.Debug|iPhone.Build.0 = Debug|Any CPU
		{E5EBAE4F-CBA7-4702-A9E5-90CFD6ED2B3C}.Debug|iPhoneSimulator.ActiveCfg = Debug|Any CPU
		{E5EBAE4F-CBA7-4702-A9E5-90CFD6ED2B3C}.Debug|iPhoneSimulator.Build.0 = Debug|Any CPU
		{E5EBAE4F-CBA7-4702-A9E5-90CFD6ED2B3C}.Release|Any CPU.ActiveCfg = Release|Any CPU
		{E5EBAE4F-CBA7-4702-A9E5-90CFD6ED2B3C}.Release|Any CPU.Build.0 = Release|Any CPU
		{E5EBAE4F-CBA7-4702-A9E5-90CFD6ED2B3C}.Release|iPhone.ActiveCfg = Release|Any CPU
		{E5EBAE4F-CBA7-4702-A9E5-90CFD6ED2B3C}.Release|iPhone.Build.0 = Release|Any CPU
		{E5EBAE4F-CBA7-4702-A9E5-90CFD6ED2B3C}.Release|iPhoneSimulator.ActiveCfg = Release|Any CPU
		{E5EBAE4F-CBA7-4702-A9E5-90CFD6ED2B3C}.Release|iPhoneSimulator.Build.0 = Release|Any CPU
	EndGlobalSection
	GlobalSection(SolutionProperties) = preSolution
		HideSolutionNode = FALSE
	EndGlobalSection
	GlobalSection(ExtensibilityGlobals) = postSolution
		SolutionGuid = {F7A287DB-BB7A-4EC6-86C8-C931458BC111}
	EndGlobalSection
EndGlobal
